// !$*UTF8*$!
{
	archiveVersion = 1;
	classes = {
	};
	objectVersion = 51;
	objects = {

/* Begin PBXBuildFile section */
		3B6FEC0ACE840C84680EA1C6 /* libPods-OpenWeather.a in Frameworks */ = {isa = PBXBuildFile; fileRef = 5377F9F2252A02A11E974AC4 /* libPods-OpenWeather.a */; };
		442F70B32462E01E002B4CEF /* DailyOpenWeather.swift in Sources */ = {isa = PBXBuildFile; fileRef = 442F70B22462E01E002B4CEF /* DailyOpenWeather.swift */; };
		4432E87024601A1A00F99A62 /* AppDelegate.swift in Sources */ = {isa = PBXBuildFile; fileRef = 4432E86F24601A1A00F99A62 /* AppDelegate.swift */; };
		4432E87224601A1A00F99A62 /* SceneDelegate.swift in Sources */ = {isa = PBXBuildFile; fileRef = 4432E87124601A1A00F99A62 /* SceneDelegate.swift */; };
		4432E87424601A1A00F99A62 /* MainViewController.swift in Sources */ = {isa = PBXBuildFile; fileRef = 4432E87324601A1A00F99A62 /* MainViewController.swift */; };
		4432E87924601A1E00F99A62 /* Assets.xcassets in Resources */ = {isa = PBXBuildFile; fileRef = 4432E87824601A1E00F99A62 /* Assets.xcassets */; };
		4432E87C24601A1E00F99A62 /* LaunchScreen.storyboard in Resources */ = {isa = PBXBuildFile; fileRef = 4432E87A24601A1E00F99A62 /* LaunchScreen.storyboard */; };
		4432E8862460630500F99A62 /* LocationManager.swift in Sources */ = {isa = PBXBuildFile; fileRef = 4432E8852460630500F99A62 /* LocationManager.swift */; };
		4432E88A246074F000F99A62 /* OpenWeatherNetworkManager.swift in Sources */ = {isa = PBXBuildFile; fileRef = 4432E889246074F000F99A62 /* OpenWeatherNetworkManager.swift */; };
		4435780F2462F7C40090BFE2 /* Network.swift in Sources */ = {isa = PBXBuildFile; fileRef = 4435780E2462F7C40090BFE2 /* Network.swift */; };
		443578112462FAF90090BFE2 /* NetworkError.swift in Sources */ = {isa = PBXBuildFile; fileRef = 443578102462FAF90090BFE2 /* NetworkError.swift */; };
		4438B2F324AE0857006EE88F /* SearchController.swift in Sources */ = {isa = PBXBuildFile; fileRef = 4438B2F224AE0857006EE88F /* SearchController.swift */; };
		449D0BBC24A4FE9A00397B82 /* Cities.swift in Sources */ = {isa = PBXBuildFile; fileRef = 449D0BBB24A4FE9A00397B82 /* Cities.swift */; };
		449DD1D82465A25000EFF651 /* Extensions.swift in Sources */ = {isa = PBXBuildFile; fileRef = 449DD1D72465A25000EFF651 /* Extensions.swift */; };
		44CBACAB246094E3000DFEA2 /* WeatherProviderProtocol.swift in Sources */ = {isa = PBXBuildFile; fileRef = 44CBACAA246094E3000DFEA2 /* WeatherProviderProtocol.swift */; };
		44E8111E24A8B3DF00DB4E59 /* Main.storyboard in Resources */ = {isa = PBXBuildFile; fileRef = 44E8111D24A8B3DF00DB4E59 /* Main.storyboard */; };
/* End PBXBuildFile section */

/* Begin PBXFileReference section */
		442F70B22462E01E002B4CEF /* DailyOpenWeather.swift */ = {isa = PBXFileReference; lastKnownFileType = sourcecode.swift; path = DailyOpenWeather.swift; sourceTree = "<group>"; };
		4432E86C24601A1A00F99A62 /* OpenWeather.app */ = {isa = PBXFileReference; explicitFileType = wrapper.application; includeInIndex = 0; path = OpenWeather.app; sourceTree = BUILT_PRODUCTS_DIR; };
		4432E86F24601A1A00F99A62 /* AppDelegate.swift */ = {isa = PBXFileReference; lastKnownFileType = sourcecode.swift; path = AppDelegate.swift; sourceTree = "<group>"; };
		4432E87124601A1A00F99A62 /* SceneDelegate.swift */ = {isa = PBXFileReference; lastKnownFileType = sourcecode.swift; path = SceneDelegate.swift; sourceTree = "<group>"; };
		4432E87324601A1A00F99A62 /* MainViewController.swift */ = {isa = PBXFileReference; lastKnownFileType = sourcecode.swift; path = MainViewController.swift; sourceTree = "<group>"; };
		4432E87824601A1E00F99A62 /* Assets.xcassets */ = {isa = PBXFileReference; lastKnownFileType = folder.assetcatalog; path = Assets.xcassets; sourceTree = "<group>"; };
		4432E87B24601A1E00F99A62 /* Base */ = {isa = PBXFileReference; lastKnownFileType = file.storyboard; name = Base; path = Base.lproj/LaunchScreen.storyboard; sourceTree = "<group>"; };
		4432E87D24601A1E00F99A62 /* Info.plist */ = {isa = PBXFileReference; lastKnownFileType = text.plist.xml; path = Info.plist; sourceTree = "<group>"; };
		4432E8852460630500F99A62 /* LocationManager.swift */ = {isa = PBXFileReference; lastKnownFileType = sourcecode.swift; path = LocationManager.swift; sourceTree = "<group>"; };
		4432E889246074F000F99A62 /* OpenWeatherNetworkManager.swift */ = {isa = PBXFileReference; lastKnownFileType = sourcecode.swift; path = OpenWeatherNetworkManager.swift; sourceTree = "<group>"; };
		4435780E2462F7C40090BFE2 /* Network.swift */ = {isa = PBXFileReference; lastKnownFileType = sourcecode.swift; path = Network.swift; sourceTree = "<group>"; };
		443578102462FAF90090BFE2 /* NetworkError.swift */ = {isa = PBXFileReference; lastKnownFileType = sourcecode.swift; path = NetworkError.swift; sourceTree = "<group>"; };
		4438B2F224AE0857006EE88F /* SearchController.swift */ = {isa = PBXFileReference; lastKnownFileType = sourcecode.swift; path = SearchController.swift; sourceTree = "<group>"; };
		449D0BBB24A4FE9A00397B82 /* Cities.swift */ = {isa = PBXFileReference; lastKnownFileType = sourcecode.swift; path = Cities.swift; sourceTree = "<group>"; };
		449DD1D72465A25000EFF651 /* Extensions.swift */ = {isa = PBXFileReference; lastKnownFileType = sourcecode.swift; path = Extensions.swift; sourceTree = "<group>"; };
		44CBACAA246094E3000DFEA2 /* WeatherProviderProtocol.swift */ = {isa = PBXFileReference; lastKnownFileType = sourcecode.swift; path = WeatherProviderProtocol.swift; sourceTree = "<group>"; };
		44E8111D24A8B3DF00DB4E59 /* Main.storyboard */ = {isa = PBXFileReference; fileEncoding = 4; lastKnownFileType = file.storyboard; path = Main.storyboard; sourceTree = "<group>"; };
		4F2260B80BCACA5EA724CD23 /* Pods-OpenWeather.debug.xcconfig */ = {isa = PBXFileReference; includeInIndex = 1; lastKnownFileType = text.xcconfig; name = "Pods-OpenWeather.debug.xcconfig"; path = "Target Support Files/Pods-OpenWeather/Pods-OpenWeather.debug.xcconfig"; sourceTree = "<group>"; };
		5377F9F2252A02A11E974AC4 /* libPods-OpenWeather.a */ = {isa = PBXFileReference; explicitFileType = archive.ar; includeInIndex = 0; path = "libPods-OpenWeather.a"; sourceTree = BUILT_PRODUCTS_DIR; };
		DEDD112BC5B26F73C50DBDBF /* Pods-OpenWeather.release.xcconfig */ = {isa = PBXFileReference; includeInIndex = 1; lastKnownFileType = text.xcconfig; name = "Pods-OpenWeather.release.xcconfig"; path = "Target Support Files/Pods-OpenWeather/Pods-OpenWeather.release.xcconfig"; sourceTree = "<group>"; };
/* End PBXFileReference section */

/* Begin PBXFrameworksBuildPhase section */
		4432E86924601A1A00F99A62 /* Frameworks */ = {
			isa = PBXFrameworksBuildPhase;
			buildActionMask = 2147483647;
			files = (
				3B6FEC0ACE840C84680EA1C6 /* libPods-OpenWeather.a in Frameworks */,
			);
			runOnlyForDeploymentPostprocessing = 0;
		};
/* End PBXFrameworksBuildPhase section */

/* Begin PBXGroup section */
		4432E86324601A1A00F99A62 = {
			isa = PBXGroup;
			children = (
				4432E86E24601A1A00F99A62 /* OpenWeather */,
				4432E86D24601A1A00F99A62 /* Products */,
				8960DFA9E8ECFF85432A7CFB /* Pods */,
				D2A6F6B505280EA5BC982D4B /* Frameworks */,
			);
			sourceTree = "<group>";
		};
		4432E86D24601A1A00F99A62 /* Products */ = {
			isa = PBXGroup;
			children = (
				4432E86C24601A1A00F99A62 /* OpenWeather.app */,
			);
			name = Products;
			sourceTree = "<group>";
		};
		4432E86E24601A1A00F99A62 /* OpenWeather */ = {
			isa = PBXGroup;
			children = (
				4432E8852460630500F99A62 /* LocationManager.swift */,
				4432E87324601A1A00F99A62 /* MainViewController.swift */,
				4438B2F224AE0857006EE88F /* SearchController.swift */,
				44E8111D24A8B3DF00DB4E59 /* Main.storyboard */,
				4432E87824601A1E00F99A62 /* Assets.xcassets */,
				4438950C246448BF00333A55 /* Model */,
				4432E87124601A1A00F99A62 /* SceneDelegate.swift */,
				4432E86F24601A1A00F99A62 /* AppDelegate.swift */,
				4432E87A24601A1E00F99A62 /* LaunchScreen.storyboard */,
				4432E87D24601A1E00F99A62 /* Info.plist */,
				44357814246305750090BFE2 /* Networing */,
				449DD1D72465A25000EFF651 /* Extensions.swift */,
			);
			path = OpenWeather;
			sourceTree = "<group>";
		};
		44357814246305750090BFE2 /* Networing */ = {
			isa = PBXGroup;
			children = (
				44CBACAA246094E3000DFEA2 /* WeatherProviderProtocol.swift */,
				4432E889246074F000F99A62 /* OpenWeatherNetworkManager.swift */,
				443578102462FAF90090BFE2 /* NetworkError.swift */,
				4435780E2462F7C40090BFE2 /* Network.swift */,
			);
			path = Networing;
			sourceTree = "<group>";
		};
		4438950C246448BF00333A55 /* Model */ = {
			isa = PBXGroup;
			children = (
				442F70B22462E01E002B4CEF /* DailyOpenWeather.swift */,
				449D0BBB24A4FE9A00397B82 /* Cities.swift */,
			);
			path = Model;
			sourceTree = "<group>";
		};
		8960DFA9E8ECFF85432A7CFB /* Pods */ = {
			isa = PBXGroup;
			children = (
				4F2260B80BCACA5EA724CD23 /* Pods-OpenWeather.debug.xcconfig */,
				DEDD112BC5B26F73C50DBDBF /* Pods-OpenWeather.release.xcconfig */,
			);
			path = Pods;
			sourceTree = "<group>";
		};
		D2A6F6B505280EA5BC982D4B /* Frameworks */ = {
			isa = PBXGroup;
			children = (
				5377F9F2252A02A11E974AC4 /* libPods-OpenWeather.a */,
			);
			name = Frameworks;
			sourceTree = "<group>";
		};
/* End PBXGroup section */

/* Begin PBXNativeTarget section */
		4432E86B24601A1A00F99A62 /* OpenWeather */ = {
			isa = PBXNativeTarget;
			buildConfigurationList = 4432E88024601A1E00F99A62 /* Build configuration list for PBXNativeTarget "OpenWeather" */;
			buildPhases = (
				BD7247C27D5CFCB49AD97E07 /* [CP] Check Pods Manifest.lock */,
				4432E86824601A1A00F99A62 /* Sources */,
				4432E86924601A1A00F99A62 /* Frameworks */,
				4432E86A24601A1A00F99A62 /* Resources */,
				527300507B4E132F3C01FF91 /* [CP] Copy Pods Resources */,
			);
			buildRules = (
			);
			dependencies = (
			);
			name = OpenWeather;
			productName = OpenWeather;
			productReference = 4432E86C24601A1A00F99A62 /* OpenWeather.app */;
			productType = "com.apple.product-type.application";
		};
/* End PBXNativeTarget section */

/* Begin PBXProject section */
		4432E86424601A1A00F99A62 /* Project object */ = {
			isa = PBXProject;
			attributes = {
				LastSwiftUpdateCheck = 1130;
				LastUpgradeCheck = 1130;
				ORGANIZATIONNAME = MineDest;
				TargetAttributes = {
					4432E86B24601A1A00F99A62 = {
						CreatedOnToolsVersion = 11.3.1;
					};
				};
			};
			buildConfigurationList = 4432E86724601A1A00F99A62 /* Build configuration list for PBXProject "OpenWeather" */;
			compatibilityVersion = "Xcode 9.3";
			developmentRegion = en;
			hasScannedForEncodings = 0;
			knownRegions = (
				en,
				Base,
			);
			mainGroup = 4432E86324601A1A00F99A62;
			productRefGroup = 4432E86D24601A1A00F99A62 /* Products */;
			projectDirPath = "";
			projectRoot = "";
			targets = (
				4432E86B24601A1A00F99A62 /* OpenWeather */,
			);
		};
/* End PBXProject section */

/* Begin PBXResourcesBuildPhase section */
		4432E86A24601A1A00F99A62 /* Resources */ = {
			isa = PBXResourcesBuildPhase;
			buildActionMask = 2147483647;
			files = (
				44E8111E24A8B3DF00DB4E59 /* Main.storyboard in Resources */,
				4432E87C24601A1E00F99A62 /* LaunchScreen.storyboard in Resources */,
				4432E87924601A1E00F99A62 /* Assets.xcassets in Resources */,
			);
			runOnlyForDeploymentPostprocessing = 0;
		};
/* End PBXResourcesBuildPhase section */

/* Begin PBXShellScriptBuildPhase section */
		527300507B4E132F3C01FF91 /* [CP] Copy Pods Resources */ = {
			isa = PBXShellScriptBuildPhase;
			buildActionMask = 2147483647;
			files = (
			);
			inputFileListPaths = (
				"${PODS_ROOT}/Target Support Files/Pods-OpenWeather/Pods-OpenWeather-resources-${CONFIGURATION}-input-files.xcfilelist",
			);
			name = "[CP] Copy Pods Resources";
			outputFileListPaths = (
				"${PODS_ROOT}/Target Support Files/Pods-OpenWeather/Pods-OpenWeather-resources-${CONFIGURATION}-output-files.xcfilelist",
			);
			runOnlyForDeploymentPostprocessing = 0;
			shellPath = /bin/sh;
			shellScript = "\"${PODS_ROOT}/Target Support Files/Pods-OpenWeather/Pods-OpenWeather-resources.sh\"\n";
			showEnvVarsInLog = 0;
		};
		BD7247C27D5CFCB49AD97E07 /* [CP] Check Pods Manifest.lock */ = {
			isa = PBXShellScriptBuildPhase;
			buildActionMask = 2147483647;
			files = (
			);
			inputFileListPaths = (
			);
			inputPaths = (
				"${PODS_PODFILE_DIR_PATH}/Podfile.lock",
				"${PODS_ROOT}/Manifest.lock",
			);
			name = "[CP] Check Pods Manifest.lock";
			outputFileListPaths = (
			);
			outputPaths = (
				"$(DERIVED_FILE_DIR)/Pods-OpenWeather-checkManifestLockResult.txt",
			);
			runOnlyForDeploymentPostprocessing = 0;
			shellPath = /bin/sh;
			shellScript = "diff \"${PODS_PODFILE_DIR_PATH}/Podfile.lock\" \"${PODS_ROOT}/Manifest.lock\" > /dev/null\nif [ $? != 0 ] ; then\n    # print error to STDERR\n    echo \"error: The sandbox is not in sync with the Podfile.lock. Run 'pod install' or update your CocoaPods installation.\" >&2\n    exit 1\nfi\n# This output is used by Xcode 'outputs' to avoid re-running this script phase.\necho \"SUCCESS\" > \"${SCRIPT_OUTPUT_FILE_0}\"\n";
			showEnvVarsInLog = 0;
		};
/* End PBXShellScriptBuildPhase section */

/* Begin PBXSourcesBuildPhase section */
		4432E86824601A1A00F99A62 /* Sources */ = {
			isa = PBXSourcesBuildPhase;
			buildActionMask = 2147483647;
			files = (
				4432E88A246074F000F99A62 /* OpenWeatherNetworkManager.swift in Sources */,
				4432E8862460630500F99A62 /* LocationManager.swift in Sources */,
				449DD1D82465A25000EFF651 /* Extensions.swift in Sources */,
				4432E87424601A1A00F99A62 /* MainViewController.swift in Sources */,
				44CBACAB246094E3000DFEA2 /* WeatherProviderProtocol.swift in Sources */,
				4432E87024601A1A00F99A62 /* AppDelegate.swift in Sources */,
				449D0BBC24A4FE9A00397B82 /* Cities.swift in Sources */,
				4438B2F324AE0857006EE88F /* SearchController.swift in Sources */,
				442F70B32462E01E002B4CEF /* DailyOpenWeather.swift in Sources */,
				4435780F2462F7C40090BFE2 /* Network.swift in Sources */,
				4432E87224601A1A00F99A62 /* SceneDelegate.swift in Sources */,
				443578112462FAF90090BFE2 /* NetworkError.swift in Sources */,
			);
			runOnlyForDeploymentPostprocessing = 0;
		};
/* End PBXSourcesBuildPhase section */

/* Begin PBXVariantGroup section */
		4432E87A24601A1E00F99A62 /* LaunchScreen.storyboard */ = {
			isa = PBXVariantGroup;
			children = (
				4432E87B24601A1E00F99A62 /* Base */,
			);
			name = LaunchScreen.storyboard;
			sourceTree = "<group>";
		};
/* End PBXVariantGroup section */

/* Begin XCBuildConfiguration section */
		4432E87E24601A1E00F99A62 /* Debug */ = {
			isa = XCBuildConfiguration;
			buildSettings = {
				ALWAYS_SEARCH_USER_PATHS = NO;
				CLANG_ANALYZER_NONNULL = YES;
				CLANG_ANALYZER_NUMBER_OBJECT_CONVERSION = YES_AGGRESSIVE;
				CLANG_CXX_LANGUAGE_STANDARD = "gnu++14";
				CLANG_CXX_LIBRARY = "libc++";
				CLANG_ENABLE_MODULES = YES;
				CLANG_ENABLE_OBJC_ARC = YES;
				CLANG_ENABLE_OBJC_WEAK = YES;
				CLANG_WARN_BLOCK_CAPTURE_AUTORELEASING = YES;
				CLANG_WARN_BOOL_CONVERSION = YES;
				CLANG_WARN_COMMA = YES;
				CLANG_WARN_CONSTANT_CONVERSION = YES;
				CLANG_WARN_DEPRECATED_OBJC_IMPLEMENTATIONS = YES;
				CLANG_WARN_DIRECT_OBJC_ISA_USAGE = YES_ERROR;
				CLANG_WARN_DOCUMENTATION_COMMENTS = YES;
				CLANG_WARN_EMPTY_BODY = YES;
				CLANG_WARN_ENUM_CONVERSION = YES;
				CLANG_WARN_INFINITE_RECURSION = YES;
				CLANG_WARN_INT_CONVERSION = YES;
				CLANG_WARN_NON_LITERAL_NULL_CONVERSION = YES;
				CLANG_WARN_OBJC_IMPLICIT_RETAIN_SELF = YES;
				CLANG_WARN_OBJC_LITERAL_CONVERSION = YES;
				CLANG_WARN_OBJC_ROOT_CLASS = YES_ERROR;
				CLANG_WARN_RANGE_LOOP_ANALYSIS = YES;
				CLANG_WARN_STRICT_PROTOTYPES = YES;
				CLANG_WARN_SUSPICIOUS_MOVE = YES;
				CLANG_WARN_UNGUARDED_AVAILABILITY = YES_AGGRESSIVE;
				CLANG_WARN_UNREACHABLE_CODE = YES;
				CLANG_WARN__DUPLICATE_METHOD_MATCH = YES;
				COPY_PHASE_STRIP = NO;
				DEBUG_INFORMATION_FORMAT = dwarf;
				ENABLE_STRICT_OBJC_MSGSEND = YES;
				ENABLE_TESTABILITY = YES;
				GCC_C_LANGUAGE_STANDARD = gnu11;
				GCC_DYNAMIC_NO_PIC = NO;
				GCC_NO_COMMON_BLOCKS = YES;
				GCC_OPTIMIZATION_LEVEL = 0;
				GCC_PREPROCESSOR_DEFINITIONS = (
					"DEBUG=1",
					"$(inherited)",
				);
				GCC_WARN_64_TO_32_BIT_CONVERSION = YES;
				GCC_WARN_ABOUT_RETURN_TYPE = YES_ERROR;
				GCC_WARN_UNDECLARED_SELECTOR = YES;
				GCC_WARN_UNINITIALIZED_AUTOS = YES_AGGRESSIVE;
				GCC_WARN_UNUSED_FUNCTION = YES;
				GCC_WARN_UNUSED_VARIABLE = YES;
				IPHONEOS_DEPLOYMENT_TARGET = 13.2;
				MTL_ENABLE_DEBUG_INFO = INCLUDE_SOURCE;
				MTL_FAST_MATH = YES;
				ONLY_ACTIVE_ARCH = YES;
				SDKROOT = iphoneos;
				SWIFT_ACTIVE_COMPILATION_CONDITIONS = DEBUG;
				SWIFT_OPTIMIZATION_LEVEL = "-Onone";
			};
			name = Debug;
		};
		4432E87F24601A1E00F99A62 /* Release */ = {
			isa = XCBuildConfiguration;
			buildSettings = {
				ALWAYS_SEARCH_USER_PATHS = NO;
				CLANG_ANALYZER_NONNULL = YES;
				CLANG_ANALYZER_NUMBER_OBJECT_CONVERSION = YES_AGGRESSIVE;
				CLANG_CXX_LANGUAGE_STANDARD = "gnu++14";
				CLANG_CXX_LIBRARY = "libc++";
				CLANG_ENABLE_MODULES = YES;
				CLANG_ENABLE_OBJC_ARC = YES;
				CLANG_ENABLE_OBJC_WEAK = YES;
				CLANG_WARN_BLOCK_CAPTURE_AUTORELEASING = YES;
				CLANG_WARN_BOOL_CONVERSION = YES;
				CLANG_WARN_COMMA = YES;
				CLANG_WARN_CONSTANT_CONVERSION = YES;
				CLANG_WARN_DEPRECATED_OBJC_IMPLEMENTATIONS = YES;
				CLANG_WARN_DIRECT_OBJC_ISA_USAGE = YES_ERROR;
				CLANG_WARN_DOCUMENTATION_COMMENTS = YES;
				CLANG_WARN_EMPTY_BODY = YES;
				CLANG_WARN_ENUM_CONVERSION = YES;
				CLANG_WARN_INFINITE_RECURSION = YES;
				CLANG_WARN_INT_CONVERSION = YES;
				CLANG_WARN_NON_LITERAL_NULL_CONVERSION = YES;
				CLANG_WARN_OBJC_IMPLICIT_RETAIN_SELF = YES;
				CLANG_WARN_OBJC_LITERAL_CONVERSION = YES;
				CLANG_WARN_OBJC_ROOT_CLASS = YES_ERROR;
				CLANG_WARN_RANGE_LOOP_ANALYSIS = YES;
				CLANG_WARN_STRICT_PROTOTYPES = YES;
				CLANG_WARN_SUSPICIOUS_MOVE = YES;
				CLANG_WARN_UNGUARDED_AVAILABILITY = YES_AGGRESSIVE;
				CLANG_WARN_UNREACHABLE_CODE = YES;
				CLANG_WARN__DUPLICATE_METHOD_MATCH = YES;
				COPY_PHASE_STRIP = NO;
				DEBUG_INFORMATION_FORMAT = "dwarf-with-dsym";
				ENABLE_NS_ASSERTIONS = NO;
				ENABLE_STRICT_OBJC_MSGSEND = YES;
				GCC_C_LANGUAGE_STANDARD = gnu11;
				GCC_NO_COMMON_BLOCKS = YES;
				GCC_WARN_64_TO_32_BIT_CONVERSION = YES;
				GCC_WARN_ABOUT_RETURN_TYPE = YES_ERROR;
				GCC_WARN_UNDECLARED_SELECTOR = YES;
				GCC_WARN_UNINITIALIZED_AUTOS = YES_AGGRESSIVE;
				GCC_WARN_UNUSED_FUNCTION = YES;
				GCC_WARN_UNUSED_VARIABLE = YES;
				IPHONEOS_DEPLOYMENT_TARGET = 13.2;
				MTL_ENABLE_DEBUG_INFO = NO;
				MTL_FAST_MATH = YES;
				SDKROOT = iphoneos;
				SWIFT_COMPILATION_MODE = wholemodule;
				SWIFT_OPTIMIZATION_LEVEL = "-O";
				VALIDATE_PRODUCT = YES;
			};
			name = Release;
		};
		4432E88124601A1E00F99A62 /* Debug */ = {
			isa = XCBuildConfiguration;
			baseConfigurationReference = 4F2260B80BCACA5EA724CD23 /* Pods-OpenWeather.debug.xcconfig */;
			buildSettings = {
				ASSETCATALOG_COMPILER_APPICON_NAME = AppIcon;
				CODE_SIGN_STYLE = Automatic;
				DEVELOPMENT_TEAM = P8JA7643K4;
				INFOPLIST_FILE = OpenWeather/Info.plist;
				LD_RUNPATH_SEARCH_PATHS = (
					"$(inherited)",
					"@executable_path/Frameworks",
				);
				PRODUCT_BUNDLE_IDENTIFIER = mdest.OpenWeather;
				PRODUCT_NAME = "$(TARGET_NAME)";
				SWIFT_VERSION = 5.0;
				TARGETED_DEVICE_FAMILY = "1,2";
			};
			name = Debug;
		};
		4432E88224601A1E00F99A62 /* Release */ = {
			isa = XCBuildConfiguration;
			baseConfigurationReference = DEDD112BC5B26F73C50DBDBF /* Pods-OpenWeather.release.xcconfig */;
			buildSettings = {
				ASSETCATALOG_COMPILER_APPICON_NAME = AppIcon;
				CODE_SIGN_STYLE = Automatic;
				DEVELOPMENT_TEAM = P8JA7643K4;
				INFOPLIST_FILE = OpenWeather/Info.plist;
				LD_RUNPATH_SEARCH_PATHS = (
					"$(inherited)",
					"@executable_path/Frameworks",
				);
				PRODUCT_BUNDLE_IDENTIFIER = mdest.OpenWeather;
				PRODUCT_NAME = "$(TARGET_NAME)";
				SWIFT_VERSION = 5.0;
				TARGETED_DEVICE_FAMILY = "1,2";
			};
			name = Release;
		};
/* End XCBuildConfiguration section */

/* Begin XCConfigurationList section */
		4432E86724601A1A00F99A62 /* Build configuration list for PBXProject "OpenWeather" */ = {
			isa = XCConfigurationList;
			buildConfigurations = (
				4432E87E24601A1E00F99A62 /* Debug */,
				4432E87F24601A1E00F99A62 /* Release */,
			);
			defaultConfigurationIsVisible = 0;
			defaultConfigurationName = Release;
		};
		4432E88024601A1E00F99A62 /* Build configuration list for PBXNativeTarget "OpenWeather" */ = {
			isa = XCConfigurationList;
			buildConfigurations = (
				4432E88124601A1E00F99A62 /* Debug */,
				4432E88224601A1E00F99A62 /* Release */,
			);
			defaultConfigurationIsVisible = 0;
			defaultConfigurationName = Release;
		};
/* End XCConfigurationList section */
	};
	rootObject = 4432E86424601A1A00F99A62 /* Project object */;
}
