PODS:
  - GoogleMaps (3.8.0):
    - GoogleMaps/Maps (= 3.8.0)
  - GoogleMaps/Base (3.8.0)
  - GoogleMaps/Maps (3.8.0):
    - GoogleMaps/Base
  - GooglePlaces (3.8.0):
    - GoogleMaps/Base (= 3.8.0)
  - GooglePlacesSearchController (0.2.3)

DEPENDENCIES:
  - GoogleMaps
  - GooglePlaces
  - GooglePlacesSearchController

SPEC REPOS:
  trunk:
    - GoogleMaps
    - GooglePlaces
    - GooglePlacesSearchController

SPEC CHECKSUMS:
  GoogleMaps: 7c8d66d70e4e8c300f43a7219d8fdaad7b325a9a
  GooglePlaces: d5f70c3e9e427964fdeca1301a665d276ccd8754
  GooglePlacesSearchController: f8c7da8c3bf0bcf901c5873c22fda7db5fbfc15e

PODFILE CHECKSUM: 2f12b31397e4826ea7695b10b8f1c11a4f0c9ffa

COCOAPODS: 1.8.4
